
Microsoft Visual Studio Solution File, Format Version 12.00
# Visual Studio Version 16
VisualStudioVersion = 16.0.30225.117
MinimumVisualStudioVersion = 10.0.40219.1
Project("{FAE04EC0-301F-11D3-BF4B-00C04F79EFBC}") = "ShipmentsToQuality", "ShipmentsToQuality.csproj", "{B4D21A4B-D87C-447B-93F1-FEB46B3FD108}"
EndProject
Global
	GlobalSection(SolutionConfigurationPlatforms) = preSolution
		Debug|Any CPU = Debug|Any CPU
		Release|Any CPU = Release|Any CPU
	EndGlobalSection
	GlobalSection(ProjectConfigurationPlatforms) = postSolution
		{B4D21A4B-D87C-447B-93F1-FEB46B3FD108}.Debug|Any CPU.ActiveCfg = Debug|Any CPU
		{B4D21A4B-D87C-447B-93F1-FEB46B3FD108}.Debug|Any CPU.Build.0 = Debug|Any CPU
		{B4D21A4B-D87C-447B-93F1-FEB46B3FD108}.Release|Any CPU.ActiveCfg = Release|Any CPU
		{B4D21A4B-D87C-447B-93F1-FEB46B3FD108}.Release|Any CPU.Build.0 = Release|Any CPU
	EndGlobalSection
	GlobalSection(SolutionProperties) = preSolution
		HideSolutionNode = FALSE
	EndGlobalSection
	GlobalSection(ExtensibilityGlobals) = postSolution
		SolutionGuid = {CC6B49F1-AB77-44B9-949C-25359C3D5AEC}
	EndGlobalSection
EndGlobal
